
Microsoft Visual Studio Solution File, Format Version 12.00
# Visual Studio Version 16
VisualStudioVersion = 16.0.30621.155
MinimumVisualStudioVersion = 10.0.40219.1
Project("{FAE04EC0-301F-11D3-BF4B-00C04F79EFBC}") = "graafinen", "graafinen\graafinen.csproj", "{BF62E04E-D02D-46E0-B115-B45DED980136}"
EndProject
Global
	GlobalSection(SolutionConfigurationPlatforms) = preSolution
		Debug|Any CPU = Debug|Any CPU
		Release|Any CPU = Release|Any CPU
	EndGlobalSection
	GlobalSection(ProjectConfigurationPlatforms) = postSolution
		{BF62E04E-D02D-46E0-B115-B45DED980136}.Debug|Any CPU.ActiveCfg = Debug|Any CPU
		{BF62E04E-D02D-46E0-B115-B45DED980136}.Debug|Any CPU.Build.0 = Debug|Any CPU
		{BF62E04E-D02D-46E0-B115-B45DED980136}.Release|Any CPU.ActiveCfg = Release|Any CPU
		{BF62E04E-D02D-46E0-B115-B45DED980136}.Release|Any CPU.Build.0 = Release|Any CPU
	EndGlobalSection
	GlobalSection(SolutionProperties) = preSolution
		HideSolutionNode = FALSE
	EndGlobalSection
	GlobalSection(ExtensibilityGlobals) = postSolution
		SolutionGuid = {141B8650-F9EB-4293-A990-E793F3F6D37C}
	EndGlobalSection
EndGlobal
