
Microsoft Visual Studio Solution File, Format Version 12.00
# Visual Studio Version 16
VisualStudioVersion = 16.0.30621.155
MinimumVisualStudioVersion = 10.0.40219.1
Project("{FAE04EC0-301F-11D3-BF4B-00C04F79EFBC}") = "Muistio", "Muistio\Muistio.csproj", "{CD49C42F-2824-43C2-B71C-24F3CC8178CA}"
EndProject
Global
	GlobalSection(SolutionConfigurationPlatforms) = preSolution
		Debug|Any CPU = Debug|Any CPU
		Release|Any CPU = Release|Any CPU
	EndGlobalSection
	GlobalSection(ProjectConfigurationPlatforms) = postSolution
		{CD49C42F-2824-43C2-B71C-24F3CC8178CA}.Debug|Any CPU.ActiveCfg = Debug|Any CPU
		{CD49C42F-2824-43C2-B71C-24F3CC8178CA}.Debug|Any CPU.Build.0 = Debug|Any CPU
		{CD49C42F-2824-43C2-B71C-24F3CC8178CA}.Release|Any CPU.ActiveCfg = Release|Any CPU
		{CD49C42F-2824-43C2-B71C-24F3CC8178CA}.Release|Any CPU.Build.0 = Release|Any CPU
	EndGlobalSection
	GlobalSection(SolutionProperties) = preSolution
		HideSolutionNode = FALSE
	EndGlobalSection
	GlobalSection(ExtensibilityGlobals) = postSolution
		SolutionGuid = {B44CB982-1414-4F23-B149-ED84AFB11A8A}
	EndGlobalSection
EndGlobal
