
Microsoft Visual Studio Solution File, Format Version 12.00
# Visual Studio Version 16
VisualStudioVersion = 16.0.30621.155
MinimumVisualStudioVersion = 10.0.40219.1
Project("{FAE04EC0-301F-11D3-BF4B-00C04F79EFBC}") = "mysql", "mysql\mysql.csproj", "{0B586AD1-A676-4431-94B6-5ED997A51260}"
EndProject
Global
	GlobalSection(SolutionConfigurationPlatforms) = preSolution
		Debug|Any CPU = Debug|Any CPU
		Release|Any CPU = Release|Any CPU
	EndGlobalSection
	GlobalSection(ProjectConfigurationPlatforms) = postSolution
		{0B586AD1-A676-4431-94B6-5ED997A51260}.Debug|Any CPU.ActiveCfg = Debug|Any CPU
		{0B586AD1-A676-4431-94B6-5ED997A51260}.Debug|Any CPU.Build.0 = Debug|Any CPU
		{0B586AD1-A676-4431-94B6-5ED997A51260}.Release|Any CPU.ActiveCfg = Release|Any CPU
		{0B586AD1-A676-4431-94B6-5ED997A51260}.Release|Any CPU.Build.0 = Release|Any CPU
	EndGlobalSection
	GlobalSection(SolutionProperties) = preSolution
		HideSolutionNode = FALSE
	EndGlobalSection
	GlobalSection(ExtensibilityGlobals) = postSolution
		SolutionGuid = {12777020-396F-4DC3-91A6-0C39DE8A45DD}
	EndGlobalSection
EndGlobal
